
Microsoft Visual Studio Solution File, Format Version 12.00
# Visual Studio Version 16
VisualStudioVersion = 16.0.33214.272
MinimumVisualStudioVersion = 10.0.40219.1
Project("{FAE04EC0-301F-11D3-BF4B-00C04F79EFBC}") = "RevitAPITrainingFurnitureCreate", "RevitAPITrainingFurnitureCreate.csproj", "{CAACFC4D-383C-47F4-851C-AFCD3B5E467E}"
EndProject
Project("{FAE04EC0-301F-11D3-BF4B-00C04F79EFBC}") = "RevitAPILibrary", "..\..\..\Проекты\07\RevitAPILibrary\RevitAPILibrary.csproj", "{11B885B8-9C1D-4B12-B02A-4AC6568363E5}"
EndProject
Global
	GlobalSection(SolutionConfigurationPlatforms) = preSolution
		Debug|Any CPU = Debug|Any CPU
		Release|Any CPU = Release|Any CPU
	EndGlobalSection
	GlobalSection(ProjectConfigurationPlatforms) = postSolution
		{CAACFC4D-383C-47F4-851C-AFCD3B5E467E}.Debug|Any CPU.ActiveCfg = Debug|Any CPU
		{CAACFC4D-383C-47F4-851C-AFCD3B5E467E}.Debug|Any CPU.Build.0 = Debug|Any CPU
		{CAACFC4D-383C-47F4-851C-AFCD3B5E467E}.Release|Any CPU.ActiveCfg = Release|Any CPU
		{CAACFC4D-383C-47F4-851C-AFCD3B5E467E}.Release|Any CPU.Build.0 = Release|Any CPU
		{11B885B8-9C1D-4B12-B02A-4AC6568363E5}.Debug|Any CPU.ActiveCfg = Debug|Any CPU
		{11B885B8-9C1D-4B12-B02A-4AC6568363E5}.Debug|Any CPU.Build.0 = Debug|Any CPU
		{11B885B8-9C1D-4B12-B02A-4AC6568363E5}.Release|Any CPU.ActiveCfg = Release|Any CPU
		{11B885B8-9C1D-4B12-B02A-4AC6568363E5}.Release|Any CPU.Build.0 = Release|Any CPU
	EndGlobalSection
	GlobalSection(SolutionProperties) = preSolution
		HideSolutionNode = FALSE
	EndGlobalSection
	GlobalSection(ExtensibilityGlobals) = postSolution
		SolutionGuid = {9AADC718-BBB4-4D38-B80A-57C9CB6E0DDF}
	EndGlobalSection
EndGlobal
